
Microsoft Visual Studio Solution File, Format Version 12.00
# Visual Studio Version 17
VisualStudioVersion = 17.3.32825.248
MinimumVisualStudioVersion = 10.0.40219.1
Project("{FAE04EC0-301F-11D3-BF4B-00C04F79EFBC}") = "Test RestApi Call", "Test RestApi Call\Test RestApi Call.csproj", "{08F67AB6-D229-40DF-A06C-F4C37C1EE2F5}"
EndProject
Global
	GlobalSection(SolutionConfigurationPlatforms) = preSolution
		Debug|Any CPU = Debug|Any CPU
		Release|Any CPU = Release|Any CPU
	EndGlobalSection
	GlobalSection(ProjectConfigurationPlatforms) = postSolution
		{08F67AB6-D229-40DF-A06C-F4C37C1EE2F5}.Debug|Any CPU.ActiveCfg = Debug|Any CPU
		{08F67AB6-D229-40DF-A06C-F4C37C1EE2F5}.Debug|Any CPU.Build.0 = Debug|Any CPU
		{08F67AB6-D229-40DF-A06C-F4C37C1EE2F5}.Release|Any CPU.ActiveCfg = Release|Any CPU
		{08F67AB6-D229-40DF-A06C-F4C37C1EE2F5}.Release|Any CPU.Build.0 = Release|Any CPU
	EndGlobalSection
	GlobalSection(SolutionProperties) = preSolution
		HideSolutionNode = FALSE
	EndGlobalSection
	GlobalSection(ExtensibilityGlobals) = postSolution
		SolutionGuid = {606D4BA5-99B9-451B-8998-12F72B1F6F04}
	EndGlobalSection
EndGlobal
